
Microsoft Visual Studio Solution File, Format Version 12.00
# Visual Studio Version 16
VisualStudioVersion = 16.0.29709.97
MinimumVisualStudioVersion = 10.0.40219.1
Project("{FAE04EC0-301F-11D3-BF4B-00C04F79EFBC}") = "DemoDp3", "DemoDp3\DemoDp3.csproj", "{B6BBD6C5-2931-4C43-9937-CB0FA891D001}"
EndProject
Global
	GlobalSection(SolutionConfigurationPlatforms) = preSolution
		Debug|Any CPU = Debug|Any CPU
		Release|Any CPU = Release|Any CPU
	EndGlobalSection
	GlobalSection(ProjectConfigurationPlatforms) = postSolution
		{B6BBD6C5-2931-4C43-9937-CB0FA891D001}.Debug|Any CPU.ActiveCfg = Debug|Any CPU
		{B6BBD6C5-2931-4C43-9937-CB0FA891D001}.Debug|Any CPU.Build.0 = Debug|Any CPU
		{B6BBD6C5-2931-4C43-9937-CB0FA891D001}.Release|Any CPU.ActiveCfg = Release|Any CPU
		{B6BBD6C5-2931-4C43-9937-CB0FA891D001}.Release|Any CPU.Build.0 = Release|Any CPU
	EndGlobalSection
	GlobalSection(SolutionProperties) = preSolution
		HideSolutionNode = FALSE
	EndGlobalSection
	GlobalSection(ExtensibilityGlobals) = postSolution
		SolutionGuid = {91A651D6-317C-4703-A579-558F58DE0530}
	EndGlobalSection
EndGlobal
