
Microsoft Visual Studio Solution File, Format Version 12.00
# Visual Studio Version 16
VisualStudioVersion = 16.0.29709.97
MinimumVisualStudioVersion = 10.0.40219.1
Project("{FAE04EC0-301F-11D3-BF4B-00C04F79EFBC}") = "Connnectivity", "Connnectivity\Connnectivity.csproj", "{AB66C3AD-2138-4322-AF44-4EB854A80801}"
EndProject
Global
	GlobalSection(SolutionConfigurationPlatforms) = preSolution
		Debug|Any CPU = Debug|Any CPU
		Release|Any CPU = Release|Any CPU
	EndGlobalSection
	GlobalSection(ProjectConfigurationPlatforms) = postSolution
		{AB66C3AD-2138-4322-AF44-4EB854A80801}.Debug|Any CPU.ActiveCfg = Debug|Any CPU
		{AB66C3AD-2138-4322-AF44-4EB854A80801}.Debug|Any CPU.Build.0 = Debug|Any CPU
		{AB66C3AD-2138-4322-AF44-4EB854A80801}.Release|Any CPU.ActiveCfg = Release|Any CPU
		{AB66C3AD-2138-4322-AF44-4EB854A80801}.Release|Any CPU.Build.0 = Release|Any CPU
	EndGlobalSection
	GlobalSection(SolutionProperties) = preSolution
		HideSolutionNode = FALSE
	EndGlobalSection
	GlobalSection(ExtensibilityGlobals) = postSolution
		SolutionGuid = {A0E786B8-662F-41AC-9DE6-D3D2CFC2BEFB}
	EndGlobalSection
EndGlobal
